// !$*UTF8*$!
{
	archiveVersion = 1;
	classes = {
	};
	objectVersion = 50;
	objects = {

/* Begin PBXBuildFile section */
		320AFF9F241202D300922138 /* AppDelegate.swift in Sources */ = {isa = PBXBuildFile; fileRef = 320AFF9E241202D300922138 /* AppDelegate.swift */; };
		320AFFA1241202D300922138 /* SceneDelegate.swift in Sources */ = {isa = PBXBuildFile; fileRef = 320AFFA0241202D300922138 /* SceneDelegate.swift */; };
		320AFFA3241202D300922138 /* ViewController.swift in Sources */ = {isa = PBXBuildFile; fileRef = 320AFFA2241202D300922138 /* ViewController.swift */; };
		320AFFA6241202D300922138 /* Main.storyboard in Resources */ = {isa = PBXBuildFile; fileRef = 320AFFA4241202D300922138 /* Main.storyboard */; };
		320AFFA8241202D300922138 /* Assets.xcassets in Resources */ = {isa = PBXBuildFile; fileRef = 320AFFA7241202D300922138 /* Assets.xcassets */; };
		320AFFAB241202D300922138 /* LaunchScreen.storyboard in Resources */ = {isa = PBXBuildFile; fileRef = 320AFFA9241202D300922138 /* LaunchScreen.storyboard */; };
		320AFFB6241202D400922138 /* testAppTests.swift in Sources */ = {isa = PBXBuildFile; fileRef = 320AFFB5241202D400922138 /* testAppTests.swift */; };
		320AFFC1241202D400922138 /* testAppUITests.swift in Sources */ = {isa = PBXBuildFile; fileRef = 320AFFC0241202D400922138 /* testAppUITests.swift */; };
/* End PBXBuildFile section */

/* Begin PBXContainerItemProxy section */
		320AFFB2241202D300922138 /* PBXContainerItemProxy */ = {
			isa = PBXContainerItemProxy;
			containerPortal = 320AFF93241202D300922138 /* Project object */;
			proxyType = 1;
			remoteGlobalIDString = 320AFF9A241202D300922138;
			remoteInfo = testApp;
		};
		320AFFBD241202D400922138 /* PBXContainerItemProxy */ = {
			isa = PBXContainerItemProxy;
			containerPortal = 320AFF93241202D300922138 /* Project object */;
			proxyType = 1;
			remoteGlobalIDString = 320AFF9A241202D300922138;
			remoteInfo = testApp;
		};
/* End PBXContainerItemProxy section */

/* Begin PBXFileReference section */
		320AFF9B241202D300922138 /* testApp.app */ = {isa = PBXFileReference; explicitFileType = wrapper.application; includeInIndex = 0; path = testApp.app; sourceTree = BUILT_PRODUCTS_DIR; };
		320AFF9E241202D300922138 /* AppDelegate.swift */ = {isa = PBXFileReference; lastKnownFileType = sourcecode.swift; path = AppDelegate.swift; sourceTree = "<group>"; };
		320AFFA0241202D300922138 /* SceneDelegate.swift */ = {isa = PBXFileReference; lastKnownFileType = sourcecode.swift; path = SceneDelegate.swift; sourceTree = "<group>"; };
		320AFFA2241202D300922138 /* ViewController.swift */ = {isa = PBXFileReference; lastKnownFileType = sourcecode.swift; path = ViewController.swift; sourceTree = "<group>"; };
		320AFFA5241202D300922138 /* Base */ = {isa = PBXFileReference; lastKnownFileType = file.storyboard; name = Base; path = Base.lproj/Main.storyboard; sourceTree = "<group>"; };
		320AFFA7241202D300922138 /* Assets.xcassets */ = {isa = PBXFileReference; lastKnownFileType = folder.assetcatalog; path = Assets.xcassets; sourceTree = "<group>"; };
		320AFFAA241202D300922138 /* Base */ = {isa = PBXFileReference; lastKnownFileType = file.storyboard; name = Base; path = Base.lproj/LaunchScreen.storyboard; sourceTree = "<group>"; };
		320AFFAC241202D300922138 /* Info.plist */ = {isa = PBXFileReference; lastKnownFileType = text.plist.xml; path = Info.plist; sourceTree = "<group>"; };
		320AFFB1241202D300922138 /* testAppTests.xctest */ = {isa = PBXFileReference; explicitFileType = wrapper.cfbundle; includeInIndex = 0; path = testAppTests.xctest; sourceTree = BUILT_PRODUCTS_DIR; };
		320AFFB5241202D400922138 /* testAppTests.swift */ = {isa = PBXFileReference; lastKnownFileType = sourcecode.swift; path = testAppTests.swift; sourceTree = "<group>"; };
		320AFFB7241202D400922138 /* Info.plist */ = {isa = PBXFileReference; lastKnownFileType = text.plist.xml; path = Info.plist; sourceTree = "<group>"; };
		320AFFBC241202D400922138 /* testAppUITests.xctest */ = {isa = PBXFileReference; explicitFileType = wrapper.cfbundle; includeInIndex = 0; path = testAppUITests.xctest; sourceTree = BUILT_PRODUCTS_DIR; };
		320AFFC0241202D400922138 /* testAppUITests.swift */ = {isa = PBXFileReference; lastKnownFileType = sourcecode.swift; path = testAppUITests.swift; sourceTree = "<group>"; };
		320AFFC2241202D400922138 /* Info.plist */ = {isa = PBXFileReference; lastKnownFileType = text.plist.xml; path = Info.plist; sourceTree = "<group>"; };
/* End PBXFileReference section */

/* Begin PBXFrameworksBuildPhase section */
		320AFF98241202D300922138 /* Frameworks */ = {
			isa = PBXFrameworksBuildPhase;
			buildActionMask = 2147483647;
			files = (
			);
			runOnlyForDeploymentPostprocessing = 0;
		};
		320AFFAE241202D300922138 /* Frameworks */ = {
			isa = PBXFrameworksBuildPhase;
			buildActionMask = 2147483647;
			files = (
			);
			runOnlyForDeploymentPostprocessing = 0;
		};
		320AFFB9241202D400922138 /* Frameworks */ = {
			isa = PBXFrameworksBuildPhase;
			buildActionMask = 2147483647;
			files = (
			);
			runOnlyForDeploymentPostprocessing = 0;
		};
/* End PBXFrameworksBuildPhase section */

/* Begin PBXGroup section */
		320AFF92241202D300922138 = {
			isa = PBXGroup;
			children = (
				320AFF9D241202D300922138 /* testApp */,
				320AFFB4241202D400922138 /* testAppTests */,
				320AFFBF241202D400922138 /* testAppUITests */,
				320AFF9C241202D300922138 /* Products */,
			);
			sourceTree = "<group>";
		};
		320AFF9C241202D300922138 /* Products */ = {
			isa = PBXGroup;
			children = (
				320AFF9B241202D300922138 /* testApp.app */,
				320AFFB1241202D300922138 /* testAppTests.xctest */,
				320AFFBC241202D400922138 /* testAppUITests.xctest */,
			);
			name = Products;
			sourceTree = "<group>";
		};
		320AFF9D241202D300922138 /* testApp */ = {
			isa = PBXGroup;
			children = (
				320AFF9E241202D300922138 /* AppDelegate.swift */,
				320AFFA0241202D300922138 /* SceneDelegate.swift */,
				320AFFA2241202D300922138 /* ViewController.swift */,
				320AFFA4241202D300922138 /* Main.storyboard */,
				320AFFA7241202D300922138 /* Assets.xcassets */,
				320AFFA9241202D300922138 /* LaunchScreen.storyboard */,
				320AFFAC241202D300922138 /* Info.plist */,
			);
			path = testApp;
			sourceTree = "<group>";
		};
		320AFFB4241202D400922138 /* testAppTests */ = {
			isa = PBXGroup;
			children = (
				320AFFB5241202D400922138 /* testAppTests.swift */,
				320AFFB7241202D400922138 /* Info.plist */,
			);
			path = testAppTests;
			sourceTree = "<group>";
		};
		320AFFBF241202D400922138 /* testAppUITests */ = {
			isa = PBXGroup;
			children = (
				320AFFC0241202D400922138 /* testAppUITests.swift */,
				320AFFC2241202D400922138 /* Info.plist */,
			);
			path = testAppUITests;
			sourceTree = "<group>";
		};
/* End PBXGroup section */

/* Begin PBXNativeTarget section */
		320AFF9A241202D300922138 /* testApp */ = {
			isa = PBXNativeTarget;
			buildConfigurationList = 320AFFC5241202D400922138 /* Build configuration list for PBXNativeTarget "testApp" */;
			buildPhases = (
				320AFF97241202D300922138 /* Sources */,
				320AFF98241202D300922138 /* Frameworks */,
				320AFF99241202D300922138 /* Resources */,
			);
			buildRules = (
			);
			dependencies = (
			);
			name = testApp;
			productName = testApp;
			productReference = 320AFF9B241202D300922138 /* testApp.app */;
			productType = "com.apple.product-type.application";
		};
		320AFFB0241202D300922138 /* testAppTests */ = {
			isa = PBXNativeTarget;
			buildConfigurationList = 320AFFC8241202D400922138 /* Build configuration list for PBXNativeTarget "testAppTests" */;
			buildPhases = (
				320AFFAD241202D300922138 /* Sources */,
				320AFFAE241202D300922138 /* Frameworks */,
				320AFFAF241202D300922138 /* Resources */,
			);
			buildRules = (
			);
			dependencies = (
				320AFFB3241202D300922138 /* PBXTargetDependency */,
			);
			name = testAppTests;
			productName = testAppTests;
			productReference = 320AFFB1241202D300922138 /* testAppTests.xctest */;
			productType = "com.apple.product-type.bundle.unit-test";
		};
		320AFFBB241202D400922138 /* testAppUITests */ = {
			isa = PBXNativeTarget;
			buildConfigurationList = 320AFFCB241202D400922138 /* Build configuration list for PBXNativeTarget "testAppUITests" */;
			buildPhases = (
				320AFFB8241202D400922138 /* Sources */,
				320AFFB9241202D400922138 /* Frameworks */,
				320AFFBA241202D400922138 /* Resources */,
			);
			buildRules = (
			);
			dependencies = (
				320AFFBE241202D400922138 /* PBXTargetDependency */,
			);
			name = testAppUITests;
			productName = testAppUITests;
			productReference = 320AFFBC241202D400922138 /* testAppUITests.xctest */;
			productType = "com.apple.product-type.bundle.ui-testing";
		};
/* End PBXNativeTarget section */

/* Begin PBXProject section */
		320AFF93241202D300922138 /* Project object */ = {
			isa = PBXProject;
			attributes = {
				LastSwiftUpdateCheck = 1130;
				LastUpgradeCheck = 1130;
				ORGANIZATIONNAME = Riku;
				TargetAttributes = {
					320AFF9A241202D300922138 = {
						CreatedOnToolsVersion = 11.3.1;
					};
					320AFFB0241202D300922138 = {
						CreatedOnToolsVersion = 11.3.1;
						TestTargetID = 320AFF9A241202D300922138;
					};
					320AFFBB241202D400922138 = {
						CreatedOnToolsVersion = 11.3.1;
						TestTargetID = 320AFF9A241202D300922138;
					};
				};
			};
			buildConfigurationList = 320AFF96241202D300922138 /* Build configuration list for PBXProject "testApp" */;
			compatibilityVersion = "Xcode 9.3";
			developmentRegion = en;
			hasScannedForEncodings = 0;
			knownRegions = (
				en,
				Base,
			);
			mainGroup = 320AFF92241202D300922138;
			productRefGroup = 320AFF9C241202D300922138 /* Products */;
			projectDirPath = "";
			projectRoot = "";
			targets = (
				320AFF9A241202D300922138 /* testApp */,
				320AFFB0241202D300922138 /* testAppTests */,
				320AFFBB241202D400922138 /* testAppUITests */,
			);
		};
/* End PBXProject section */

/* Begin PBXResourcesBuildPhase section */
		320AFF99241202D300922138 /* Resources */ = {
			isa = PBXResourcesBuildPhase;
			buildActionMask = 2147483647;
			files = (
				320AFFAB241202D300922138 /* LaunchScreen.storyboard in Resources */,
				320AFFA8241202D300922138 /* Assets.xcassets in Resources */,
				320AFFA6241202D300922138 /* Main.storyboard in Resources */,
			);
			runOnlyForDeploymentPostprocessing = 0;
		};
		320AFFAF241202D300922138 /* Resources */ = {
			isa = PBXResourcesBuildPhase;
			buildActionMask = 2147483647;
			files = (
			);
			runOnlyForDeploymentPostprocessing = 0;
		};
		320AFFBA241202D400922138 /* Resources */ = {
			isa = PBXResourcesBuildPhase;
			buildActionMask = 2147483647;
			files = (
			);
			runOnlyForDeploymentPostprocessing = 0;
		};
/* End PBXResourcesBuildPhase section */

/* Begin PBXSourcesBuildPhase section */
		320AFF97241202D300922138 /* Sources */ = {
			isa = PBXSourcesBuildPhase;
			buildActionMask = 2147483647;
			files = (
				320AFFA3241202D300922138 /* ViewController.swift in Sources */,
				320AFF9F241202D300922138 /* AppDelegate.swift in Sources */,
				320AFFA1241202D300922138 /* SceneDelegate.swift in Sources */,
			);
			runOnlyForDeploymentPostprocessing = 0;
		};
		320AFFAD241202D300922138 /* Sources */ = {
			isa = PBXSourcesBuildPhase;
			buildActionMask = 2147483647;
			files = (
				320AFFB6241202D400922138 /* testAppTests.swift in Sources */,
			);
			runOnlyForDeploymentPostprocessing = 0;
		};
		320AFFB8241202D400922138 /* Sources */ = {
			isa = PBXSourcesBuildPhase;
			buildActionMask = 2147483647;
			files = (
				320AFFC1241202D400922138 /* testAppUITests.swift in Sources */,
			);
			runOnlyForDeploymentPostprocessing = 0;
		};
/* End PBXSourcesBuildPhase section */

/* Begin PBXTargetDependency section */
		320AFFB3241202D300922138 /* PBXTargetDependency */ = {
			isa = PBXTargetDependency;
			target = 320AFF9A241202D300922138 /* testApp */;
			targetProxy = 320AFFB2241202D300922138 /* PBXContainerItemProxy */;
		};
		320AFFBE241202D400922138 /* PBXTargetDependency */ = {
			isa = PBXTargetDependency;
			target = 320AFF9A241202D300922138 /* testApp */;
			targetProxy = 320AFFBD241202D400922138 /* PBXContainerItemProxy */;
		};
/* End PBXTargetDependency section */

/* Begin PBXVariantGroup section */
		320AFFA4241202D300922138 /* Main.storyboard */ = {
			isa = PBXVariantGroup;
			children = (
				320AFFA5241202D300922138 /* Base */,
			);
			name = Main.storyboard;
			sourceTree = "<group>";
		};
		320AFFA9241202D300922138 /* LaunchScreen.storyboard */ = {
			isa = PBXVariantGroup;
			children = (
				320AFFAA241202D300922138 /* Base */,
			);
			name = LaunchScreen.storyboard;
			sourceTree = "<group>";
		};
/* End PBXVariantGroup section */

/* Begin XCBuildConfiguration section */
		320AFFC3241202D400922138 /* Debug */ = {
			isa = XCBuildConfiguration;
			buildSettings = {
				ALWAYS_SEARCH_USER_PATHS = NO;
				CLANG_ANALYZER_NONNULL = YES;
				CLANG_ANALYZER_NUMBER_OBJECT_CONVERSION = YES_AGGRESSIVE;
				CLANG_CXX_LANGUAGE_STANDARD = "gnu++14";
				CLANG_CXX_LIBRARY = "libc++";
				CLANG_ENABLE_MODULES = YES;
				CLANG_ENABLE_OBJC_ARC = YES;
				CLANG_ENABLE_OBJC_WEAK = YES;
				CLANG_WARN_BLOCK_CAPTURE_AUTORELEASING = YES;
				CLANG_WARN_BOOL_CONVERSION = YES;
				CLANG_WARN_COMMA = YES;
				CLANG_WARN_CONSTANT_CONVERSION = YES;
				CLANG_WARN_DEPRECATED_OBJC_IMPLEMENTATIONS = YES;
				CLANG_WARN_DIRECT_OBJC_ISA_USAGE = YES_ERROR;
				CLANG_WARN_DOCUMENTATION_COMMENTS = YES;
				CLANG_WARN_EMPTY_BODY = YES;
				CLANG_WARN_ENUM_CONVERSION = YES;
				CLANG_WARN_INFINITE_RECURSION = YES;
				CLANG_WARN_INT_CONVERSION = YES;
				CLANG_WARN_NON_LITERAL_NULL_CONVERSION = YES;
				CLANG_WARN_OBJC_IMPLICIT_RETAIN_SELF = YES;
				CLANG_WARN_OBJC_LITERAL_CONVERSION = YES;
				CLANG_WARN_OBJC_ROOT_CLASS = YES_ERROR;
				CLANG_WARN_RANGE_LOOP_ANALYSIS = YES;
				CLANG_WARN_STRICT_PROTOTYPES = YES;
				CLANG_WARN_SUSPICIOUS_MOVE = YES;
				CLANG_WARN_UNGUARDED_AVAILABILITY = YES_AGGRESSIVE;
				CLANG_WARN_UNREACHABLE_CODE = YES;
				CLANG_WARN__DUPLICATE_METHOD_MATCH = YES;
				COPY_PHASE_STRIP = NO;
				DEBUG_INFORMATION_FORMAT = dwarf;
				ENABLE_STRICT_OBJC_MSGSEND = YES;
				ENABLE_TESTABILITY = YES;
				GCC_C_LANGUAGE_STANDARD = gnu11;
				GCC_DYNAMIC_NO_PIC = NO;
				GCC_NO_COMMON_BLOCKS = YES;
				GCC_OPTIMIZATION_LEVEL = 0;
				GCC_PREPROCESSOR_DEFINITIONS = (
					"DEBUG=1",
					"$(inherited)",
				);
				GCC_WARN_64_TO_32_BIT_CONVERSION = YES;
				GCC_WARN_ABOUT_RETURN_TYPE = YES_ERROR;
				GCC_WARN_UNDECLARED_SELECTOR = YES;
				GCC_WARN_UNINITIALIZED_AUTOS = YES_AGGRESSIVE;
				GCC_WARN_UNUSED_FUNCTION = YES;
				GCC_WARN_UNUSED_VARIABLE = YES;
				IPHONEOS_DEPLOYMENT_TARGET = 13.2;
				MTL_ENABLE_DEBUG_INFO = INCLUDE_SOURCE;
				MTL_FAST_MATH = YES;
				ONLY_ACTIVE_ARCH = YES;
				SDKROOT = iphoneos;
				SWIFT_ACTIVE_COMPILATION_CONDITIONS = DEBUG;
				SWIFT_OPTIMIZATION_LEVEL = "-Onone";
			};
			name = Debug;
		};
		320AFFC4241202D400922138 /* Release */ = {
			isa = XCBuildConfiguration;
			buildSettings = {
				ALWAYS_SEARCH_USER_PATHS = NO;
				CLANG_ANALYZER_NONNULL = YES;
				CLANG_ANALYZER_NUMBER_OBJECT_CONVERSION = YES_AGGRESSIVE;
				CLANG_CXX_LANGUAGE_STANDARD = "gnu++14";
				CLANG_CXX_LIBRARY = "libc++";
				CLANG_ENABLE_MODULES = YES;
				CLANG_ENABLE_OBJC_ARC = YES;
				CLANG_ENABLE_OBJC_WEAK = YES;
				CLANG_WARN_BLOCK_CAPTURE_AUTORELEASING = YES;
				CLANG_WARN_BOOL_CONVERSION = YES;
				CLANG_WARN_COMMA = YES;
				CLANG_WARN_CONSTANT_CONVERSION = YES;
				CLANG_WARN_DEPRECATED_OBJC_IMPLEMENTATIONS = YES;
				CLANG_WARN_DIRECT_OBJC_ISA_USAGE = YES_ERROR;
				CLANG_WARN_DOCUMENTATION_COMMENTS = YES;
				CLANG_WARN_EMPTY_BODY = YES;
				CLANG_WARN_ENUM_CONVERSION = YES;
				CLANG_WARN_INFINITE_RECURSION = YES;
				CLANG_WARN_INT_CONVERSION = YES;
				CLANG_WARN_NON_LITERAL_NULL_CONVERSION = YES;
				CLANG_WARN_OBJC_IMPLICIT_RETAIN_SELF = YES;
				CLANG_WARN_OBJC_LITERAL_CONVERSION = YES;
				CLANG_WARN_OBJC_ROOT_CLASS = YES_ERROR;
				CLANG_WARN_RANGE_LOOP_ANALYSIS = YES;
				CLANG_WARN_STRICT_PROTOTYPES = YES;
				CLANG_WARN_SUSPICIOUS_MOVE = YES;
				CLANG_WARN_UNGUARDED_AVAILABILITY = YES_AGGRESSIVE;
				CLANG_WARN_UNREACHABLE_CODE = YES;
				CLANG_WARN__DUPLICATE_METHOD_MATCH = YES;
				COPY_PHASE_STRIP = NO;
				DEBUG_INFORMATION_FORMAT = "dwarf-with-dsym";
				ENABLE_NS_ASSERTIONS = NO;
				ENABLE_STRICT_OBJC_MSGSEND = YES;
				GCC_C_LANGUAGE_STANDARD = gnu11;
				GCC_NO_COMMON_BLOCKS = YES;
				GCC_WARN_64_TO_32_BIT_CONVERSION = YES;
				GCC_WARN_ABOUT_RETURN_TYPE = YES_ERROR;
				GCC_WARN_UNDECLARED_SELECTOR = YES;
				GCC_WARN_UNINITIALIZED_AUTOS = YES_AGGRESSIVE;
				GCC_WARN_UNUSED_FUNCTION = YES;
				GCC_WARN_UNUSED_VARIABLE = YES;
				IPHONEOS_DEPLOYMENT_TARGET = 13.2;
				MTL_ENABLE_DEBUG_INFO = NO;
				MTL_FAST_MATH = YES;
				SDKROOT = iphoneos;
				SWIFT_COMPILATION_MODE = wholemodule;
				SWIFT_OPTIMIZATION_LEVEL = "-O";
				VALIDATE_PRODUCT = YES;
			};
			name = Release;
		};
		320AFFC6241202D400922138 /* Debug */ = {
			isa = XCBuildConfiguration;
			buildSettings = {
				ASSETCATALOG_COMPILER_APPICON_NAME = AppIcon;
				CODE_SIGN_STYLE = Automatic;
				INFOPLIST_FILE = testApp/Info.plist;
				LD_RUNPATH_SEARCH_PATHS = (
					"$(inherited)",
					"@executable_path/Frameworks",
				);
				PRODUCT_BUNDLE_IDENTIFIER = "com.riku-ueda.testApp";
				PRODUCT_NAME = "$(TARGET_NAME)";
				SWIFT_VERSION = 5.0;
				TARGETED_DEVICE_FAMILY = "1,2";
			};
			name = Debug;
		};
		320AFFC7241202D400922138 /* Release */ = {
			isa = XCBuildConfiguration;
			buildSettings = {
				ASSETCATALOG_COMPILER_APPICON_NAME = AppIcon;
				CODE_SIGN_STYLE = Automatic;
				INFOPLIST_FILE = testApp/Info.plist;
				LD_RUNPATH_SEARCH_PATHS = (
					"$(inherited)",
					"@executable_path/Frameworks",
				);
				PRODUCT_BUNDLE_IDENTIFIER = "com.riku-ueda.testApp";
				PRODUCT_NAME = "$(TARGET_NAME)";
				SWIFT_VERSION = 5.0;
				TARGETED_DEVICE_FAMILY = "1,2";
			};
			name = Release;
		};
		320AFFC9241202D400922138 /* Debug */ = {
			isa = XCBuildConfiguration;
			buildSettings = {
				ALWAYS_EMBED_SWIFT_STANDARD_LIBRARIES = YES;
				BUNDLE_LOADER = "$(TEST_HOST)";
				CODE_SIGN_STYLE = Automatic;
				INFOPLIST_FILE = testAppTests/Info.plist;
				IPHONEOS_DEPLOYMENT_TARGET = 13.2;
				LD_RUNPATH_SEARCH_PATHS = (
					"$(inherited)",
					"@executable_path/Frameworks",
					"@loader_path/Frameworks",
				);
				PRODUCT_BUNDLE_IDENTIFIER = "com.riku-ueda.testAppTests";
				PRODUCT_NAME = "$(TARGET_NAME)";
				SWIFT_VERSION = 5.0;
				TARGETED_DEVICE_FAMILY = "1,2";
				TEST_HOST = "$(BUILT_PRODUCTS_DIR)/testApp.app/testApp";
			};
			name = Debug;
		};
		320AFFCA241202D400922138 /* Release */ = {
			isa = XCBuildConfiguration;
			buildSettings = {
				ALWAYS_EMBED_SWIFT_STANDARD_LIBRARIES = YES;
				BUNDLE_LOADER = "$(TEST_HOST)";
				CODE_SIGN_STYLE = Automatic;
				INFOPLIST_FILE = testAppTests/Info.plist;
				IPHONEOS_DEPLOYMENT_TARGET = 13.2;
				LD_RUNPATH_SEARCH_PATHS = (
					"$(inherited)",
					"@executable_path/Frameworks",
					"@loader_path/Frameworks",
				);
				PRODUCT_BUNDLE_IDENTIFIER = "com.riku-ueda.testAppTests";
				PRODUCT_NAME = "$(TARGET_NAME)";
				SWIFT_VERSION = 5.0;
				TARGETED_DEVICE_FAMILY = "1,2";
				TEST_HOST = "$(BUILT_PRODUCTS_DIR)/testApp.app/testApp";
			};
			name = Release;
		};
		320AFFCC241202D400922138 /* Debug */ = {
			isa = XCBuildConfiguration;
			buildSettings = {
				ALWAYS_EMBED_SWIFT_STANDARD_LIBRARIES = YES;
				CODE_SIGN_STYLE = Automatic;
				INFOPLIST_FILE = testAppUITests/Info.plist;
				LD_RUNPATH_SEARCH_PATHS = (
					"$(inherited)",
					"@executable_path/Frameworks",
					"@loader_path/Frameworks",
				);
				PRODUCT_BUNDLE_IDENTIFIER = "com.riku-ueda.testAppUITests";
				PRODUCT_NAME = "$(TARGET_NAME)";
				SWIFT_VERSION = 5.0;
				TARGETED_DEVICE_FAMILY = "1,2";
				TEST_TARGET_NAME = testApp;
			};
			name = Debug;
		};
		320AFFCD241202D400922138 /* Release */ = {
			isa = XCBuildConfiguration;
			buildSettings = {
				ALWAYS_EMBED_SWIFT_STANDARD_LIBRARIES = YES;
				CODE_SIGN_STYLE = Automatic;
				INFOPLIST_FILE = testAppUITests/Info.plist;
				LD_RUNPATH_SEARCH_PATHS = (
					"$(inherited)",
					"@executable_path/Frameworks",
					"@loader_path/Frameworks",
				);
				PRODUCT_BUNDLE_IDENTIFIER = "com.riku-ueda.testAppUITests";
				PRODUCT_NAME = "$(TARGET_NAME)";
				SWIFT_VERSION = 5.0;
				TARGETED_DEVICE_FAMILY = "1,2";
				TEST_TARGET_NAME = testApp;
			};
			name = Release;
		};
/* End XCBuildConfiguration section */

/* Begin XCConfigurationList section */
		320AFF96241202D300922138 /* Build configuration list for PBXProject "testApp" */ = {
			isa = XCConfigurationList;
			buildConfigurations = (
				320AFFC3241202D400922138 /* Debug */,
				320AFFC4241202D400922138 /* Release */,
			);
			defaultConfigurationIsVisible = 0;
			defaultConfigurationName = Release;
		};
		320AFFC5241202D400922138 /* Build configuration list for PBXNativeTarget "testApp" */ = {
			isa = XCConfigurationList;
			buildConfigurations = (
				320AFFC6241202D400922138 /* Debug */,
				320AFFC7241202D400922138 /* Release */,
			);
			defaultConfigurationIsVisible = 0;
			defaultConfigurationName = Release;
		};
		320AFFC8241202D400922138 /* Build configuration list for PBXNativeTarget "testAppTests" */ = {
			isa = XCConfigurationList;
			buildConfigurations = (
				320AFFC9241202D400922138 /* Debug */,
				320AFFCA241202D400922138 /* Release */,
			);
			defaultConfigurationIsVisible = 0;
			defaultConfigurationName = Release;
		};
		320AFFCB241202D400922138 /* Build configuration list for PBXNativeTarget "testAppUITests" */ = {
			isa = XCConfigurationList;
			buildConfigurations = (
				320AFFCC241202D400922138 /* Debug */,
				320AFFCD241202D400922138 /* Release */,
			);
			defaultConfigurationIsVisible = 0;
			defaultConfigurationName = Release;
		};
/* End XCConfigurationList section */
	};
	rootObject = 320AFF93241202D300922138 /* Project object */;
}
